Microsoft Visual Studio Solution File, Format Version 12.00
# Visual Studio 15
VisualStudioVersion = 15.0.28010.2016
MinimumVisualStudioVersion = 10.0.40219.1
Project("{FAE04EC0-301F-11D3-BF4B-00C04F79EFBC}") = "dxSample", "dxSample\dxSample.csproj", "{E8CAA4D8-FADF-47F2-B753-9BA3A79625C9}"
EndProject
Global
	GlobalSection(SolutionConfigurationPlatforms) = preSolution
		Debug|Any CPU = Debug|Any CPU
		Release|Any CPU = Release|Any CPU
	EndGlobalSection
	GlobalSection(ProjectConfigurationPlatforms) = postSolution
		{E8CAA4D8-FADF-47F2-B753-9BA3A79625C9}.Debug|Any CPU.ActiveCfg = Debug|Any CPU
		{E8CAA4D8-FADF-47F2-B753-9BA3A79625C9}.Debug|Any CPU.Build.0 = Debug|Any CPU
		{E8CAA4D8-FADF-47F2-B753-9BA3A79625C9}.Release|Any CPU.ActiveCfg = Release|Any CPU
		{E8CAA4D8-FADF-47F2-B753-9BA3A79625C9}.Release|Any CPU.Build.0 = Release|Any CPU
	EndGlobalSection
	GlobalSection(SolutionProperties) = preSolution
		HideSolutionNode = FALSE
	EndGlobalSection
	GlobalSection(ExtensibilityGlobals) = postSolution
		SolutionGuid = {568148FD-11CE-444B-B1D6-D42437400323}
	EndGlobalSection
EndGlobal
